
Microsoft Visual Studio Solution File, Format Version 12.00
# Visual Studio Version 17
VisualStudioVersion = 17.8.34322.80
MinimumVisualStudioVersion = 10.0.40219.1
Project("{FAE04EC0-301F-11D3-BF4B-00C04F79EFBC}") = "ProjectGiangSon", "ProjectGiangSon\ProjectGiangSon.csproj", "{34ED5082-8192-4606-ABFD-0206F6BBF6E6}"
EndProject
Global
	GlobalSection(SolutionConfigurationPlatforms) = preSolution
		Debug|Any CPU = Debug|Any CPU
		Release|Any CPU = Release|Any CPU
	EndGlobalSection
	GlobalSection(ProjectConfigurationPlatforms) = postSolution
		{34ED5082-8192-4606-ABFD-0206F6BBF6E6}.Debug|Any CPU.ActiveCfg = Debug|Any CPU
		{34ED5082-8192-4606-ABFD-0206F6BBF6E6}.Debug|Any CPU.Build.0 = Debug|Any CPU
		{34ED5082-8192-4606-ABFD-0206F6BBF6E6}.Release|Any CPU.ActiveCfg = Release|Any CPU
		{34ED5082-8192-4606-ABFD-0206F6BBF6E6}.Release|Any CPU.Build.0 = Release|Any CPU
	EndGlobalSection
	GlobalSection(SolutionProperties) = preSolution
		HideSolutionNode = FALSE
	EndGlobalSection
	GlobalSection(ExtensibilityGlobals) = postSolution
		SolutionGuid = {964BA086-C95E-4AE5-B495-0FD194089371}
	EndGlobalSection
EndGlobal
